# This file is autogenerated, do not edit; changes may be undone by the next 'dep ensure'.


[[projects]]
  branch = "master"
  digest = "1:cde3502ff38bf880c3a783acc5b48754aa509c651c4902c68726d2769883e9de"
  name = "github.com/gosuri/uilive"
  packages = ["."]
  pruneopts = "UT"
  revision = "ac356e6e42cd31fcef8e6aec13ae9ed6fe87713e"

[[projects]]
  branch = "master"
  digest = "1:f6ae4b3c3d4411bffa0b8045fff29974e1eb866e1828786972059f89a130aecf"
  name = "github.com/gosuri/uiprogress"
  packages = [
    ".",
    "util/strutil",
  ]
  pruneopts = "UT"
  revision = "d0567a9d84a1c40dd7568115ea66f4887bf57b33"

[[projects]]
  branch = "master"
  digest = "1:4d93ecff9e2dd391209bc115e072e0bc36dad8dbea3a1b08dfc7f4e839d525df"
  name = "github.com/jeremywohl/flatten"
  packages = ["."]
  pruneopts = "UT"
  revision = "6ba45bff2452eaa49edd7c045593bcbc6c6514cb"

[[projects]]
  digest = "1:368747710eb8b62b4a3d342f141f7a7191b1581e7bd6ad429f9b76912a5e2745"
  name = "github.com/jhunt/go-ansi"
  packages = ["."]
  pruneopts = "UT"
  revision = "73f418f6350861e7be9863de844ff9bb7855fab6"

[[projects]]
  branch = "master"
  digest = "1:0981502f9816113c9c8c4ac301583841855c8cf4da8c72f696b3ebedf6d0e4e5"
  name = "github.com/mattn/go-isatty"
  packages = ["."]
  pruneopts = "UT"
  revision = "6ca4dbf54d38eea1a992b3c722a76a5d1c4cb25c"

[[projects]]
  digest = "1:38d86cb18bfc409c9f5667962e89395b2a01f1dfc0a1df01b5706f329e06d093"
  name = "golang.org/x/sys"
  packages = ["unix"]
  pruneopts = "UT"
  revision = "7c87d13f8e835d2fb3a70a2912c811ed0c1d241b"

[[projects]]
  digest = "1:342378ac4dcb378a5448dd723f0784ae519383532f5e70ade24132c4c8693202"
  name = "gopkg.in/yaml.v2"
  packages = ["."]
  pruneopts = "UT"
  revision = "5420a8b6744d3b0345ab293f6fcba19c978f1183"
  version = "v2.2.1"

[solve-meta]
  analyzer-name = "dep"
  analyzer-version = 1
  input-imports = [
    "github.com/gosuri/uiprogress",
    "github.com/jeremywohl/flatten",
    "github.com/jhunt/go-ansi",
    "gopkg.in/yaml.v2",
  ]
  solver-name = "gps-cdcl"
  solver-version = 1
